// !$*UTF8*$!
{
	archiveVersion = 1;
	classes = {
	};
	objectVersion = 51;
	objects = {

/* Begin PBXBuildFile section */
		2B1020971B8D702901535AC4 /* Pods_countries.framework in Frameworks */ = {isa = PBXBuildFile; fileRef = E4DA6DA599F9BD1C9B10E255 /* Pods_countries.framework */; };
		31707BB823F2FB69001BCD55 /* LoadingModal.swift in Sources */ = {isa = PBXBuildFile; fileRef = 31707BB723F2FB69001BCD55 /* LoadingModal.swift */; };
		3175294B23F225A9004A944C /* AppDelegate.swift in Sources */ = {isa = PBXBuildFile; fileRef = 3175294A23F225A9004A944C /* AppDelegate.swift */; };
		3175295223F225AA004A944C /* Assets.xcassets in Resources */ = {isa = PBXBuildFile; fileRef = 3175295123F225AA004A944C /* Assets.xcassets */; };
		3175295523F225AA004A944C /* LaunchScreen.storyboard in Resources */ = {isa = PBXBuildFile; fileRef = 3175295323F225AA004A944C /* LaunchScreen.storyboard */; };
		3175295D23F226CA004A944C /* RootController.swift in Sources */ = {isa = PBXBuildFile; fileRef = 3175295C23F226CA004A944C /* RootController.swift */; };
		3175295F23F226E1004A944C /* CountriesTableViewController.swift in Sources */ = {isa = PBXBuildFile; fileRef = 3175295E23F226E1004A944C /* CountriesTableViewController.swift */; };
		3175296123F2270A004A944C /* ProvinceViewController.swift in Sources */ = {isa = PBXBuildFile; fileRef = 3175296023F2270A004A944C /* ProvinceViewController.swift */; };
		3175296423F22D93004A944C /* Country.swift in Sources */ = {isa = PBXBuildFile; fileRef = 3175296323F22D93004A944C /* Country.swift */; };
		3175296623F22E1C004A944C /* Province.swift in Sources */ = {isa = PBXBuildFile; fileRef = 3175296523F22E1C004A944C /* Province.swift */; };
		3175296923F23761004A944C /* Api.swift in Sources */ = {isa = PBXBuildFile; fileRef = 3175296823F23761004A944C /* Api.swift */; };
		3175296D23F2417E004A944C /* AppCoordinator.swift in Sources */ = {isa = PBXBuildFile; fileRef = 3175296C23F2417E004A944C /* AppCoordinator.swift */; };
		3175297323F2661D004A944C /* MapView.swift in Sources */ = {isa = PBXBuildFile; fileRef = 3175297223F2661D004A944C /* MapView.swift */; };
/* End PBXBuildFile section */

/* Begin PBXFileReference section */
		31707BB723F2FB69001BCD55 /* LoadingModal.swift */ = {isa = PBXFileReference; lastKnownFileType = sourcecode.swift; path = LoadingModal.swift; sourceTree = "<group>"; };
		3175294723F225A9004A944C /* countries.app */ = {isa = PBXFileReference; explicitFileType = wrapper.application; includeInIndex = 0; path = countries.app; sourceTree = BUILT_PRODUCTS_DIR; };
		3175294A23F225A9004A944C /* AppDelegate.swift */ = {isa = PBXFileReference; lastKnownFileType = sourcecode.swift; path = AppDelegate.swift; sourceTree = "<group>"; };
		3175295123F225AA004A944C /* Assets.xcassets */ = {isa = PBXFileReference; lastKnownFileType = folder.assetcatalog; path = Assets.xcassets; sourceTree = "<group>"; };
		3175295423F225AA004A944C /* Base */ = {isa = PBXFileReference; lastKnownFileType = file.storyboard; name = Base; path = Base.lproj/LaunchScreen.storyboard; sourceTree = "<group>"; };
		3175295623F225AA004A944C /* Info.plist */ = {isa = PBXFileReference; lastKnownFileType = text.plist.xml; path = Info.plist; sourceTree = "<group>"; };
		3175295C23F226CA004A944C /* RootController.swift */ = {isa = PBXFileReference; lastKnownFileType = sourcecode.swift; path = RootController.swift; sourceTree = "<group>"; };
		3175295E23F226E1004A944C /* CountriesTableViewController.swift */ = {isa = PBXFileReference; lastKnownFileType = sourcecode.swift; path = CountriesTableViewController.swift; sourceTree = "<group>"; };
		3175296023F2270A004A944C /* ProvinceViewController.swift */ = {isa = PBXFileReference; lastKnownFileType = sourcecode.swift; path = ProvinceViewController.swift; sourceTree = "<group>"; };
		3175296323F22D93004A944C /* Country.swift */ = {isa = PBXFileReference; lastKnownFileType = sourcecode.swift; path = Country.swift; sourceTree = "<group>"; };
		3175296523F22E1C004A944C /* Province.swift */ = {isa = PBXFileReference; lastKnownFileType = sourcecode.swift; path = Province.swift; sourceTree = "<group>"; };
		3175296823F23761004A944C /* Api.swift */ = {isa = PBXFileReference; lastKnownFileType = sourcecode.swift; path = Api.swift; sourceTree = "<group>"; };
		3175296C23F2417E004A944C /* AppCoordinator.swift */ = {isa = PBXFileReference; lastKnownFileType = sourcecode.swift; path = AppCoordinator.swift; sourceTree = "<group>"; };
		3175297223F2661D004A944C /* MapView.swift */ = {isa = PBXFileReference; lastKnownFileType = sourcecode.swift; path = MapView.swift; sourceTree = "<group>"; };
		D624BA62CE6CBAE1CC49A685 /* Pods-countries.release.xcconfig */ = {isa = PBXFileReference; includeInIndex = 1; lastKnownFileType = text.xcconfig; name = "Pods-countries.release.xcconfig"; path = "Target Support Files/Pods-countries/Pods-countries.release.xcconfig"; sourceTree = "<group>"; };
		E4DA6DA599F9BD1C9B10E255 /* Pods_countries.framework */ = {isa = PBXFileReference; explicitFileType = wrapper.framework; includeInIndex = 0; path = Pods_countries.framework; sourceTree = BUILT_PRODUCTS_DIR; };
		FEFDF68C5490C08E4B1B64B1 /* Pods-countries.debug.xcconfig */ = {isa = PBXFileReference; includeInIndex = 1; lastKnownFileType = text.xcconfig; name = "Pods-countries.debug.xcconfig"; path = "Target Support Files/Pods-countries/Pods-countries.debug.xcconfig"; sourceTree = "<group>"; };
/* End PBXFileReference section */

/* Begin PBXFrameworksBuildPhase section */
		3175294423F225A9004A944C /* Frameworks */ = {
			isa = PBXFrameworksBuildPhase;
			buildActionMask = 2147483647;
			files = (
				2B1020971B8D702901535AC4 /* Pods_countries.framework in Frameworks */,
			);
			runOnlyForDeploymentPostprocessing = 0;
		};
/* End PBXFrameworksBuildPhase section */

/* Begin PBXGroup section */
		020425068B5A6C011CFF3DEC /* Frameworks */ = {
			isa = PBXGroup;
			children = (
				E4DA6DA599F9BD1C9B10E255 /* Pods_countries.framework */,
			);
			name = Frameworks;
			sourceTree = "<group>";
		};
		3175293E23F225A9004A944C = {
			isa = PBXGroup;
			children = (
				3175294923F225A9004A944C /* countries */,
				3175294823F225A9004A944C /* Products */,
				88D277326A56E84083854288 /* Pods */,
				020425068B5A6C011CFF3DEC /* Frameworks */,
			);
			sourceTree = "<group>";
		};
		3175294823F225A9004A944C /* Products */ = {
			isa = PBXGroup;
			children = (
				3175294723F225A9004A944C /* countries.app */,
			);
			name = Products;
			sourceTree = "<group>";
		};
		3175294923F225A9004A944C /* countries */ = {
			isa = PBXGroup;
			children = (
				3175296723F23751004A944C /* api */,
				3175296223F22D78004A944C /* models */,
				3175294A23F225A9004A944C /* AppDelegate.swift */,
				3175295123F225AA004A944C /* Assets.xcassets */,
				3175295323F225AA004A944C /* LaunchScreen.storyboard */,
				3175295623F225AA004A944C /* Info.plist */,
				3175295C23F226CA004A944C /* RootController.swift */,
				3175295E23F226E1004A944C /* CountriesTableViewController.swift */,
				3175296023F2270A004A944C /* ProvinceViewController.swift */,
				3175296C23F2417E004A944C /* AppCoordinator.swift */,
				3175297223F2661D004A944C /* MapView.swift */,
				31707BB723F2FB69001BCD55 /* LoadingModal.swift */,
			);
			path = countries;
			sourceTree = "<group>";
		};
		3175296223F22D78004A944C /* models */ = {
			isa = PBXGroup;
			children = (
				3175296323F22D93004A944C /* Country.swift */,
				3175296523F22E1C004A944C /* Province.swift */,
			);
			path = models;
			sourceTree = "<group>";
		};
		3175296723F23751004A944C /* api */ = {
			isa = PBXGroup;
			children = (
				3175296823F23761004A944C /* Api.swift */,
			);
			path = api;
			sourceTree = "<group>";
		};
		88D277326A56E84083854288 /* Pods */ = {
			isa = PBXGroup;
			children = (
				FEFDF68C5490C08E4B1B64B1 /* Pods-countries.debug.xcconfig */,
				D624BA62CE6CBAE1CC49A685 /* Pods-countries.release.xcconfig */,
			);
			path = Pods;
			sourceTree = "<group>";
		};
/* End PBXGroup section */

/* Begin PBXNativeTarget section */
		3175294623F225A9004A944C /* countries */ = {
			isa = PBXNativeTarget;
			buildConfigurationList = 3175295923F225AA004A944C /* Build configuration list for PBXNativeTarget "countries" */;
			buildPhases = (
				129D66D9D665047A5728E6C3 /* [CP] Check Pods Manifest.lock */,
				3175294323F225A9004A944C /* Sources */,
				3175294423F225A9004A944C /* Frameworks */,
				3175294523F225A9004A944C /* Resources */,
				3427330FAF63F729A6A7B05F /* [CP] Embed Pods Frameworks */,
			);
			buildRules = (
			);
			dependencies = (
			);
			name = countries;
			productName = countries;
			productReference = 3175294723F225A9004A944C /* countries.app */;
			productType = "com.apple.product-type.application";
		};
/* End PBXNativeTarget section */

/* Begin PBXProject section */
		3175293F23F225A9004A944C /* Project object */ = {
			isa = PBXProject;
			attributes = {
				LastSwiftUpdateCheck = 1030;
				LastUpgradeCheck = 1030;
				ORGANIZATIONNAME = "Darren Sutherland";
				TargetAttributes = {
					3175294623F225A9004A944C = {
						CreatedOnToolsVersion = 10.3;
					};
				};
			};
			buildConfigurationList = 3175294223F225A9004A944C /* Build configuration list for PBXProject "countries" */;
			compatibilityVersion = "Xcode 9.3";
			developmentRegion = en;
			hasScannedForEncodings = 0;
			knownRegions = (
				en,
				Base,
			);
			mainGroup = 3175293E23F225A9004A944C;
			productRefGroup = 3175294823F225A9004A944C /* Products */;
			projectDirPath = "";
			projectRoot = "";
			targets = (
				3175294623F225A9004A944C /* countries */,
			);
		};
/* End PBXProject section */

/* Begin PBXResourcesBuildPhase section */
		3175294523F225A9004A944C /* Resources */ = {
			isa = PBXResourcesBuildPhase;
			buildActionMask = 2147483647;
			files = (
				3175295523F225AA004A944C /* LaunchScreen.storyboard in Resources */,
				3175295223F225AA004A944C /* Assets.xcassets in Resources */,
			);
			runOnlyForDeploymentPostprocessing = 0;
		};
/* End PBXResourcesBuildPhase section */

/* Begin PBXShellScriptBuildPhase section */
		129D66D9D665047A5728E6C3 /* [CP] Check Pods Manifest.lock */ = {
			isa = PBXShellScriptBuildPhase;
			buildActionMask = 2147483647;
			files = (
			);
			inputFileListPaths = (
			);
			inputPaths = (
				"${PODS_PODFILE_DIR_PATH}/Podfile.lock",
				"${PODS_ROOT}/Manifest.lock",
			);
			name = "[CP] Check Pods Manifest.lock";
			outputFileListPaths = (
			);
			outputPaths = (
				"$(DERIVED_FILE_DIR)/Pods-countries-checkManifestLockResult.txt",
			);
			runOnlyForDeploymentPostprocessing = 0;
			shellPath = /bin/sh;
			shellScript = "diff \"${PODS_PODFILE_DIR_PATH}/Podfile.lock\" \"${PODS_ROOT}/Manifest.lock\" > /dev/null\nif [ $? != 0 ] ; then\n    # print error to STDERR\n    echo \"error: The sandbox is not in sync with the Podfile.lock. Run 'pod install' or update your CocoaPods installation.\" >&2\n    exit 1\nfi\n# This output is used by Xcode 'outputs' to avoid re-running this script phase.\necho \"SUCCESS\" > \"${SCRIPT_OUTPUT_FILE_0}\"\n";
			showEnvVarsInLog = 0;
		};
		3427330FAF63F729A6A7B05F /* [CP] Embed Pods Frameworks */ = {
			isa = PBXShellScriptBuildPhase;
			buildActionMask = 2147483647;
			files = (
			);
			inputFileListPaths = (
				"${PODS_ROOT}/Target Support Files/Pods-countries/Pods-countries-frameworks-${CONFIGURATION}-input-files.xcfilelist",
			);
			name = "[CP] Embed Pods Frameworks";
			outputFileListPaths = (
				"${PODS_ROOT}/Target Support Files/Pods-countries/Pods-countries-frameworks-${CONFIGURATION}-output-files.xcfilelist",
			);
			runOnlyForDeploymentPostprocessing = 0;
			shellPath = /bin/sh;
			shellScript = "\"${PODS_ROOT}/Target Support Files/Pods-countries/Pods-countries-frameworks.sh\"\n";
			showEnvVarsInLog = 0;
		};
/* End PBXShellScriptBuildPhase section */

/* Begin PBXSourcesBuildPhase section */
		3175294323F225A9004A944C /* Sources */ = {
			isa = PBXSourcesBuildPhase;
			buildActionMask = 2147483647;
			files = (
				3175296123F2270A004A944C /* ProvinceViewController.swift in Sources */,
				3175294B23F225A9004A944C /* AppDelegate.swift in Sources */,
				3175295F23F226E1004A944C /* CountriesTableViewController.swift in Sources */,
				3175296623F22E1C004A944C /* Province.swift in Sources */,
				3175296D23F2417E004A944C /* AppCoordinator.swift in Sources */,
				3175296423F22D93004A944C /* Country.swift in Sources */,
				31707BB823F2FB69001BCD55 /* LoadingModal.swift in Sources */,
				3175296923F23761004A944C /* Api.swift in Sources */,
				3175297323F2661D004A944C /* MapView.swift in Sources */,
				3175295D23F226CA004A944C /* RootController.swift in Sources */,
			);
			runOnlyForDeploymentPostprocessing = 0;
		};
/* End PBXSourcesBuildPhase section */

/* Begin PBXVariantGroup section */
		3175295323F225AA004A944C /* LaunchScreen.storyboard */ = {
			isa = PBXVariantGroup;
			children = (
				3175295423F225AA004A944C /* Base */,
			);
			name = LaunchScreen.storyboard;
			sourceTree = "<group>";
		};
/* End PBXVariantGroup section */

/* Begin XCBuildConfiguration section */
		3175295723F225AA004A944C /* Debug */ = {
			isa = XCBuildConfiguration;
			buildSettings = {
				ALWAYS_SEARCH_USER_PATHS = NO;
				CLANG_ANALYZER_NONNULL = YES;
				CLANG_ANALYZER_NUMBER_OBJECT_CONVERSION = YES_AGGRESSIVE;
				CLANG_CXX_LANGUAGE_STANDARD = "gnu++14";
				CLANG_CXX_LIBRARY = "libc++";
				CLANG_ENABLE_MODULES = YES;
				CLANG_ENABLE_OBJC_ARC = YES;
				CLANG_ENABLE_OBJC_WEAK = YES;
				CLANG_WARN_BLOCK_CAPTURE_AUTORELEASING = YES;
				CLANG_WARN_BOOL_CONVERSION = YES;
				CLANG_WARN_COMMA = YES;
				CLANG_WARN_CONSTANT_CONVERSION = YES;
				CLANG_WARN_DEPRECATED_OBJC_IMPLEMENTATIONS = YES;
				CLANG_WARN_DIRECT_OBJC_ISA_USAGE = YES_ERROR;
				CLANG_WARN_DOCUMENTATION_COMMENTS = YES;
				CLANG_WARN_EMPTY_BODY = YES;
				CLANG_WARN_ENUM_CONVERSION = YES;
				CLANG_WARN_INFINITE_RECURSION = YES;
				CLANG_WARN_INT_CONVERSION = YES;
				CLANG_WARN_NON_LITERAL_NULL_CONVERSION = YES;
				CLANG_WARN_OBJC_IMPLICIT_RETAIN_SELF = YES;
				CLANG_WARN_OBJC_LITERAL_CONVERSION = YES;
				CLANG_WARN_OBJC_ROOT_CLASS = YES_ERROR;
				CLANG_WARN_RANGE_LOOP_ANALYSIS = YES;
				CLANG_WARN_STRICT_PROTOTYPES = YES;
				CLANG_WARN_SUSPICIOUS_MOVE = YES;
				CLANG_WARN_UNGUARDED_AVAILABILITY = YES_AGGRESSIVE;
				CLANG_WARN_UNREACHABLE_CODE = YES;
				CLANG_WARN__DUPLICATE_METHOD_MATCH = YES;
				CODE_SIGN_IDENTITY = "iPhone Developer";
				COPY_PHASE_STRIP = NO;
				DEBUG_INFORMATION_FORMAT = dwarf;
				ENABLE_STRICT_OBJC_MSGSEND = YES;
				ENABLE_TESTABILITY = YES;
				GCC_C_LANGUAGE_STANDARD = gnu11;
				GCC_DYNAMIC_NO_PIC = NO;
				GCC_NO_COMMON_BLOCKS = YES;
				GCC_OPTIMIZATION_LEVEL = 0;
				GCC_PREPROCESSOR_DEFINITIONS = (
					"DEBUG=1",
					"$(inherited)",
				);
				GCC_WARN_64_TO_32_BIT_CONVERSION = YES;
				GCC_WARN_ABOUT_RETURN_TYPE = YES_ERROR;
				GCC_WARN_UNDECLARED_SELECTOR = YES;
				GCC_WARN_UNINITIALIZED_AUTOS = YES_AGGRESSIVE;
				GCC_WARN_UNUSED_FUNCTION = YES;
				GCC_WARN_UNUSED_VARIABLE = YES;
				IPHONEOS_DEPLOYMENT_TARGET = 12.4;
				MTL_ENABLE_DEBUG_INFO = INCLUDE_SOURCE;
				MTL_FAST_MATH = YES;
				ONLY_ACTIVE_ARCH = YES;
				SDKROOT = iphoneos;
				SWIFT_ACTIVE_COMPILATION_CONDITIONS = DEBUG;
				SWIFT_OPTIMIZATION_LEVEL = "-Onone";
			};
			name = Debug;
		};
		3175295823F225AA004A944C /* Release */ = {
			isa = XCBuildConfiguration;
			buildSettings = {
				ALWAYS_SEARCH_USER_PATHS = NO;
				CLANG_ANALYZER_NONNULL = YES;
				CLANG_ANALYZER_NUMBER_OBJECT_CONVERSION = YES_AGGRESSIVE;
				CLANG_CXX_LANGUAGE_STANDARD = "gnu++14";
				CLANG_CXX_LIBRARY = "libc++";
				CLANG_ENABLE_MODULES = YES;
				CLANG_ENABLE_OBJC_ARC = YES;
				CLANG_ENABLE_OBJC_WEAK = YES;
				CLANG_WARN_BLOCK_CAPTURE_AUTORELEASING = YES;
				CLANG_WARN_BOOL_CONVERSION = YES;
				CLANG_WARN_COMMA = YES;
				CLANG_WARN_CONSTANT_CONVERSION = YES;
				CLANG_WARN_DEPRECATED_OBJC_IMPLEMENTATIONS = YES;
				CLANG_WARN_DIRECT_OBJC_ISA_USAGE = YES_ERROR;
				CLANG_WARN_DOCUMENTATION_COMMENTS = YES;
				CLANG_WARN_EMPTY_BODY = YES;
				CLANG_WARN_ENUM_CONVERSION = YES;
				CLANG_WARN_INFINITE_RECURSION = YES;
				CLANG_WARN_INT_CONVERSION = YES;
				CLANG_WARN_NON_LITERAL_NULL_CONVERSION = YES;
				CLANG_WARN_OBJC_IMPLICIT_RETAIN_SELF = YES;
				CLANG_WARN_OBJC_LITERAL_CONVERSION = YES;
				CLANG_WARN_OBJC_ROOT_CLASS = YES_ERROR;
				CLANG_WARN_RANGE_LOOP_ANALYSIS = YES;
				CLANG_WARN_STRICT_PROTOTYPES = YES;
				CLANG_WARN_SUSPICIOUS_MOVE = YES;
				CLANG_WARN_UNGUARDED_AVAILABILITY = YES_AGGRESSIVE;
				CLANG_WARN_UNREACHABLE_CODE = YES;
				CLANG_WARN__DUPLICATE_METHOD_MATCH = YES;
				CODE_SIGN_IDENTITY = "iPhone Developer";
				COPY_PHASE_STRIP = NO;
				DEBUG_INFORMATION_FORMAT = "dwarf-with-dsym";
				ENABLE_NS_ASSERTIONS = NO;
				ENABLE_STRICT_OBJC_MSGSEND = YES;
				GCC_C_LANGUAGE_STANDARD = gnu11;
				GCC_NO_COMMON_BLOCKS = YES;
				GCC_WARN_64_TO_32_BIT_CONVERSION = YES;
				GCC_WARN_ABOUT_RETURN_TYPE = YES_ERROR;
				GCC_WARN_UNDECLARED_SELECTOR = YES;
				GCC_WARN_UNINITIALIZED_AUTOS = YES_AGGRESSIVE;
				GCC_WARN_UNUSED_FUNCTION = YES;
				GCC_WARN_UNUSED_VARIABLE = YES;
				IPHONEOS_DEPLOYMENT_TARGET = 12.4;
				MTL_ENABLE_DEBUG_INFO = NO;
				MTL_FAST_MATH = YES;
				SDKROOT = iphoneos;
				SWIFT_COMPILATION_MODE = wholemodule;
				SWIFT_OPTIMIZATION_LEVEL = "-O";
				VALIDATE_PRODUCT = YES;
			};
			name = Release;
		};
		3175295A23F225AA004A944C /* Debug */ = {
			isa = XCBuildConfiguration;
			baseConfigurationReference = FEFDF68C5490C08E4B1B64B1 /* Pods-countries.debug.xcconfig */;
			buildSettings = {
				ASSETCATALOG_COMPILER_APPICON_NAME = AppIcon;
				CODE_SIGN_STYLE = Automatic;
				DEVELOPMENT_TEAM = D2T26FL68U;
				INFOPLIST_FILE = countries/Info.plist;
				LD_RUNPATH_SEARCH_PATHS = (
					"$(inherited)",
					"@executable_path/Frameworks",
				);
				PRODUCT_BUNDLE_IDENTIFIER = oldsquarehead.com.countries;
				PRODUCT_NAME = "$(TARGET_NAME)";
				SWIFT_VERSION = 5.0;
				TARGETED_DEVICE_FAMILY = "1,2";
			};
			name = Debug;
		};
		3175295B23F225AA004A944C /* Release */ = {
			isa = XCBuildConfiguration;
			baseConfigurationReference = D624BA62CE6CBAE1CC49A685 /* Pods-countries.release.xcconfig */;
			buildSettings = {
				ASSETCATALOG_COMPILER_APPICON_NAME = AppIcon;
				CODE_SIGN_STYLE = Automatic;
				DEVELOPMENT_TEAM = D2T26FL68U;
				INFOPLIST_FILE = countries/Info.plist;
				LD_RUNPATH_SEARCH_PATHS = (
					"$(inherited)",
					"@executable_path/Frameworks",
				);
				PRODUCT_BUNDLE_IDENTIFIER = oldsquarehead.com.countries;
				PRODUCT_NAME = "$(TARGET_NAME)";
				SWIFT_VERSION = 5.0;
				TARGETED_DEVICE_FAMILY = "1,2";
			};
			name = Release;
		};
/* End XCBuildConfiguration section */

/* Begin XCConfigurationList section */
		3175294223F225A9004A944C /* Build configuration list for PBXProject "countries" */ = {
			isa = XCConfigurationList;
			buildConfigurations = (
				3175295723F225AA004A944C /* Debug */,
				3175295823F225AA004A944C /* Release */,
			);
			defaultConfigurationIsVisible = 0;
			defaultConfigurationName = Release;
		};
		3175295923F225AA004A944C /* Build configuration list for PBXNativeTarget "countries" */ = {
			isa = XCConfigurationList;
			buildConfigurations = (
				3175295A23F225AA004A944C /* Debug */,
				3175295B23F225AA004A944C /* Release */,
			);
			defaultConfigurationIsVisible = 0;
			defaultConfigurationName = Release;
		};
/* End XCConfigurationList section */
	};
	rootObject = 3175293F23F225A9004A944C /* Project object */;
}
